
Microsoft Visual Studio Solution File, Format Version 12.00
# Visual Studio Version 17
VisualStudioVersion = 17.2.32630.192
MinimumVisualStudioVersion = 10.0.40219.1
Project("{FAE04EC0-301F-11D3-BF4B-00C04F79EFBC}") = "WpfApp1", "WpfApp1\WpfApp1.csproj", "{4E4C074D-BEF5-4E55-96A6-34CA546D0AAD}"
EndProject
Global
	GlobalSection(SolutionConfigurationPlatforms) = preSolution
		Debug|Any CPU = Debug|Any CPU
		Release|Any CPU = Release|Any CPU
	EndGlobalSection
	GlobalSection(ProjectConfigurationPlatforms) = postSolution
		{4E4C074D-BEF5-4E55-96A6-34CA546D0AAD}.Debug|Any CPU.ActiveCfg = Debug|Any CPU
		{4E4C074D-BEF5-4E55-96A6-34CA546D0AAD}.Debug|Any CPU.Build.0 = Debug|Any CPU
		{4E4C074D-BEF5-4E55-96A6-34CA546D0AAD}.Release|Any CPU.ActiveCfg = Release|Any CPU
		{4E4C074D-BEF5-4E55-96A6-34CA546D0AAD}.Release|Any CPU.Build.0 = Release|Any CPU
	EndGlobalSection
	GlobalSection(SolutionProperties) = preSolution
		HideSolutionNode = FALSE
	EndGlobalSection
	GlobalSection(ExtensibilityGlobals) = postSolution
		SolutionGuid = {3BE67B10-38F7-4B70-B87E-AC84171ACCD1}
	EndGlobalSection
EndGlobal
